
Microsoft Visual Studio Solution File, Format Version 12.00
# Visual Studio Version 16
VisualStudioVersion = 16.0.30804.86
MinimumVisualStudioVersion = 10.0.40219.1
Project("{FAE04EC0-301F-11D3-BF4B-00C04F79EFBC}") = "Steam.NET", "Steam.NET\Steam.NET.csproj", "{9C38081D-1ED6-45D1-870B-B6A777ACD2D4}"
EndProject
Global
	GlobalSection(SolutionConfigurationPlatforms) = preSolution
		Debug|Any CPU = Debug|Any CPU
		Release|Any CPU = Release|Any CPU
	EndGlobalSection
	GlobalSection(ProjectConfigurationPlatforms) = postSolution
		{9C38081D-1ED6-45D1-870B-B6A777ACD2D4}.Debug|Any CPU.ActiveCfg = Debug|Any CPU
		{9C38081D-1ED6-45D1-870B-B6A777ACD2D4}.Debug|Any CPU.Build.0 = Debug|Any CPU
		{9C38081D-1ED6-45D1-870B-B6A777ACD2D4}.Release|Any CPU.ActiveCfg = Release|Any CPU
		{9C38081D-1ED6-45D1-870B-B6A777ACD2D4}.Release|Any CPU.Build.0 = Release|Any CPU
	EndGlobalSection
	GlobalSection(SolutionProperties) = preSolution
		HideSolutionNode = FALSE
	EndGlobalSection
	GlobalSection(ExtensibilityGlobals) = postSolution
		SolutionGuid = {EDE7A55E-87E5-4808-9D0F-AFD47B8C1CCC}
	EndGlobalSection
EndGlobal
