
Microsoft Visual Studio Solution File, Format Version 12.00
# Visual Studio Version 16
VisualStudioVersion = 16.0.29306.81
MinimumVisualStudioVersion = 10.0.40219.1
Project("{9A19103F-16F7-4668-BE54-9A1E7A4F7556}") = "Steam.NET", "Steam.NET\Steam.NET.csproj", "{E027A0B6-CF24-4462-B286-056B48C61FE8}"
EndProject
Global
	GlobalSection(SolutionConfigurationPlatforms) = preSolution
		Debug|Any CPU = Debug|Any CPU
		Release|Any CPU = Release|Any CPU
	EndGlobalSection
	GlobalSection(ProjectConfigurationPlatforms) = postSolution
		{E027A0B6-CF24-4462-B286-056B48C61FE8}.Debug|Any CPU.ActiveCfg = Debug|Any CPU
		{E027A0B6-CF24-4462-B286-056B48C61FE8}.Debug|Any CPU.Build.0 = Debug|Any CPU
		{E027A0B6-CF24-4462-B286-056B48C61FE8}.Release|Any CPU.ActiveCfg = Release|Any CPU
		{E027A0B6-CF24-4462-B286-056B48C61FE8}.Release|Any CPU.Build.0 = Release|Any CPU
	EndGlobalSection
	GlobalSection(SolutionProperties) = preSolution
		HideSolutionNode = FALSE
	EndGlobalSection
	GlobalSection(ExtensibilityGlobals) = postSolution
		SolutionGuid = {134A3A3F-B78E-4750-B686-1442EC1FD989}
	EndGlobalSection
EndGlobal
